
Microsoft Visual Studio Solution File, Format Version 12.00
# Visual Studio Version 17
VisualStudioVersion = 17.7.34031.279
MinimumVisualStudioVersion = 10.0.40219.1
Project("{FAE04EC0-301F-11D3-BF4B-00C04F79EFBC}") = "Industrial production", "Industrial production\Industrial production.csproj", "{78D84C08-CED4-40E8-94A8-32F011867CC0}"
EndProject
Global
	GlobalSection(SolutionConfigurationPlatforms) = preSolution
		Debug|Any CPU = Debug|Any CPU
		Release|Any CPU = Release|Any CPU
	EndGlobalSection
	GlobalSection(ProjectConfigurationPlatforms) = postSolution
		{78D84C08-CED4-40E8-94A8-32F011867CC0}.Debug|Any CPU.ActiveCfg = Debug|Any CPU
		{78D84C08-CED4-40E8-94A8-32F011867CC0}.Debug|Any CPU.Build.0 = Debug|Any CPU
		{78D84C08-CED4-40E8-94A8-32F011867CC0}.Release|Any CPU.ActiveCfg = Release|Any CPU
		{78D84C08-CED4-40E8-94A8-32F011867CC0}.Release|Any CPU.Build.0 = Release|Any CPU
	EndGlobalSection
	GlobalSection(SolutionProperties) = preSolution
		HideSolutionNode = FALSE
	EndGlobalSection
	GlobalSection(ExtensibilityGlobals) = postSolution
		SolutionGuid = {02052853-F7D9-4281-A0E9-0406407DA50E}
	EndGlobalSection
EndGlobal
